
Microsoft Visual Studio Solution File, Format Version 12.00
# Visual Studio Version 17
VisualStudioVersion = 17.5.002.0
MinimumVisualStudioVersion = 10.0.40219.1
Project("{9A19103F-16F7-4668-BE54-9A1E7A4F7556}") = "classes", "classes.csproj", "{C11C2D96-7955-4C7F-8566-1776565F33DA}"
EndProject
Project("{9A19103F-16F7-4668-BE54-9A1E7A4F7556}") = "modelo", "modelo\modelo.csproj", "{43994DDE-D78B-4F6A-BFC1-E8A2405B6AA1}"
EndProject
Global
	GlobalSection(SolutionConfigurationPlatforms) = preSolution
		Debug|Any CPU = Debug|Any CPU
		Release|Any CPU = Release|Any CPU
	EndGlobalSection
	GlobalSection(ProjectConfigurationPlatforms) = postSolution
		{C11C2D96-7955-4C7F-8566-1776565F33DA}.Debug|Any CPU.ActiveCfg = Debug|Any CPU
		{C11C2D96-7955-4C7F-8566-1776565F33DA}.Debug|Any CPU.Build.0 = Debug|Any CPU
		{C11C2D96-7955-4C7F-8566-1776565F33DA}.Release|Any CPU.ActiveCfg = Release|Any CPU
		{C11C2D96-7955-4C7F-8566-1776565F33DA}.Release|Any CPU.Build.0 = Release|Any CPU
		{43994DDE-D78B-4F6A-BFC1-E8A2405B6AA1}.Debug|Any CPU.ActiveCfg = Debug|Any CPU
		{43994DDE-D78B-4F6A-BFC1-E8A2405B6AA1}.Debug|Any CPU.Build.0 = Debug|Any CPU
		{43994DDE-D78B-4F6A-BFC1-E8A2405B6AA1}.Release|Any CPU.ActiveCfg = Release|Any CPU
		{43994DDE-D78B-4F6A-BFC1-E8A2405B6AA1}.Release|Any CPU.Build.0 = Release|Any CPU
	EndGlobalSection
	GlobalSection(SolutionProperties) = preSolution
		HideSolutionNode = FALSE
	EndGlobalSection
	GlobalSection(ExtensibilityGlobals) = postSolution
		SolutionGuid = {251937F9-5B77-42E0-9524-141C2217A929}
	EndGlobalSection
EndGlobal
